
Microsoft Visual Studio Solution File, Format Version 12.00
# Visual Studio Version 17
VisualStudioVersion = 17.11.35208.52
MinimumVisualStudioVersion = 10.0.40219.1
Project("{FAE04EC0-301F-11D3-BF4B-00C04F79EFBC}") = "tic_tac_toe_btn_generate", "tic_tac_toe_btn_generate\tic_tac_toe_btn_generate.csproj", "{C01D191F-17A0-461A-9E99-2C9477077F10}"
EndProject
Global
	GlobalSection(SolutionConfigurationPlatforms) = preSolution
		Debug|Any CPU = Debug|Any CPU
		Release|Any CPU = Release|Any CPU
	EndGlobalSection
	GlobalSection(ProjectConfigurationPlatforms) = postSolution
		{C01D191F-17A0-461A-9E99-2C9477077F10}.Debug|Any CPU.ActiveCfg = Debug|Any CPU
		{C01D191F-17A0-461A-9E99-2C9477077F10}.Debug|Any CPU.Build.0 = Debug|Any CPU
		{C01D191F-17A0-461A-9E99-2C9477077F10}.Release|Any CPU.ActiveCfg = Release|Any CPU
		{C01D191F-17A0-461A-9E99-2C9477077F10}.Release|Any CPU.Build.0 = Release|Any CPU
	EndGlobalSection
	GlobalSection(SolutionProperties) = preSolution
		HideSolutionNode = FALSE
	EndGlobalSection
	GlobalSection(ExtensibilityGlobals) = postSolution
		SolutionGuid = {DA0671BE-2372-4CCF-BD56-6B967B6D0743}
	EndGlobalSection
EndGlobal
